
Microsoft Visual Studio Solution File, Format Version 12.00
# Visual Studio Express 14 for Web
VisualStudioVersion = 14.0.25420.1
MinimumVisualStudioVersion = 10.0.40219.1
Project("{FAE04EC0-301F-11D3-BF4B-00C04F79EFBC}") = "WebApplication1", "WebApplication1\WebApplication1.csproj", "{6887CE85-374D-4E4F-B794-F23A41DD2818}"
EndProject
Project("{2150E333-8FDC-42A3-9474-1A3956D46DE8}") = "Solution Items", "Solution Items", "{BF3E378A-EDAB-4795-A173-27F6E4AB0186}"
	ProjectSection(SolutionItems) = preProject
		HTMLPage1.html = HTMLPage1.html
		lifeGame.css = lifeGame.css
		lifeGame.js = lifeGame.js
	EndProjectSection
EndProject
Global
	GlobalSection(SolutionConfigurationPlatforms) = preSolution
		Debug|Any CPU = Debug|Any CPU
		Release|Any CPU = Release|Any CPU
	EndGlobalSection
	GlobalSection(ProjectConfigurationPlatforms) = postSolution
		{6887CE85-374D-4E4F-B794-F23A41DD2818}.Debug|Any CPU.ActiveCfg = Debug|Any CPU
		{6887CE85-374D-4E4F-B794-F23A41DD2818}.Debug|Any CPU.Build.0 = Debug|Any CPU
		{6887CE85-374D-4E4F-B794-F23A41DD2818}.Release|Any CPU.ActiveCfg = Release|Any CPU
		{6887CE85-374D-4E4F-B794-F23A41DD2818}.Release|Any CPU.Build.0 = Release|Any CPU
	EndGlobalSection
	GlobalSection(SolutionProperties) = preSolution
		HideSolutionNode = FALSE
	EndGlobalSection
EndGlobal
